
Microsoft Visual Studio Solution File, Format Version 12.00
# Visual Studio Version 17
VisualStudioVersion = 17.4.32804.182
MinimumVisualStudioVersion = 10.0.40219.1
Project("{FAE04EC0-301F-11D3-BF4B-00C04F79EFBC}") = "UTEQ", "UTEQ\UTEQ.csproj", "{11148D43-9339-4FEC-AE6A-BDAA5A958880}"
EndProject
Global
	GlobalSection(SolutionConfigurationPlatforms) = preSolution
		Debug|Any CPU = Debug|Any CPU
		Release|Any CPU = Release|Any CPU
	EndGlobalSection
	GlobalSection(ProjectConfigurationPlatforms) = postSolution
		{11148D43-9339-4FEC-AE6A-BDAA5A958880}.Debug|Any CPU.ActiveCfg = Debug|Any CPU
		{11148D43-9339-4FEC-AE6A-BDAA5A958880}.Debug|Any CPU.Build.0 = Debug|Any CPU
		{11148D43-9339-4FEC-AE6A-BDAA5A958880}.Release|Any CPU.ActiveCfg = Release|Any CPU
		{11148D43-9339-4FEC-AE6A-BDAA5A958880}.Release|Any CPU.Build.0 = Release|Any CPU
	EndGlobalSection
	GlobalSection(SolutionProperties) = preSolution
		HideSolutionNode = FALSE
	EndGlobalSection
	GlobalSection(ExtensibilityGlobals) = postSolution
		SolutionGuid = {D244D0A9-D78F-4B2A-A59E-D9CBAC026E5B}
	EndGlobalSection
EndGlobal
